
Microsoft Visual Studio Solution File, Format Version 12.00
# Visual Studio 14
VisualStudioVersion = 14.0.24720.0
MinimumVisualStudioVersion = 10.0.40219.1
Project("{FAE04EC0-301F-11D3-BF4B-00C04F79EFBC}") = "NewsDB.Models", "NewsDB.Models\NewsDB.Models.csproj", "{FFB9ED5C-778F-4505-BBAD-40ABDE9EE264}"
EndProject
Project("{FAE04EC0-301F-11D3-BF4B-00C04F79EFBC}") = "NewsDB.Data", "NewsDB.Data\NewsDB.Data.csproj", "{56D0E234-28F8-4C93-8E5F-492A035FC85B}"
EndProject
Project("{FAE04EC0-301F-11D3-BF4B-00C04F79EFBC}") = "NewsDB.ConsoleClient", "NewsDB.ConsoleClient\NewsDB.ConsoleClient.csproj", "{C1870D84-7F95-438B-AEC7-89875CB744F6}"
EndProject
Global
	GlobalSection(SolutionConfigurationPlatforms) = preSolution
		Debug|Any CPU = Debug|Any CPU
		Release|Any CPU = Release|Any CPU
	EndGlobalSection
	GlobalSection(ProjectConfigurationPlatforms) = postSolution
		{FFB9ED5C-778F-4505-BBAD-40ABDE9EE264}.Debug|Any CPU.ActiveCfg = Debug|Any CPU
		{FFB9ED5C-778F-4505-BBAD-40ABDE9EE264}.Debug|Any CPU.Build.0 = Debug|Any CPU
		{FFB9ED5C-778F-4505-BBAD-40ABDE9EE264}.Release|Any CPU.ActiveCfg = Release|Any CPU
		{FFB9ED5C-778F-4505-BBAD-40ABDE9EE264}.Release|Any CPU.Build.0 = Release|Any CPU
		{56D0E234-28F8-4C93-8E5F-492A035FC85B}.Debug|Any CPU.ActiveCfg = Debug|Any CPU
		{56D0E234-28F8-4C93-8E5F-492A035FC85B}.Debug|Any CPU.Build.0 = Debug|Any CPU
		{56D0E234-28F8-4C93-8E5F-492A035FC85B}.Release|Any CPU.ActiveCfg = Release|Any CPU
		{56D0E234-28F8-4C93-8E5F-492A035FC85B}.Release|Any CPU.Build.0 = Release|Any CPU
		{C1870D84-7F95-438B-AEC7-89875CB744F6}.Debug|Any CPU.ActiveCfg = Debug|Any CPU
		{C1870D84-7F95-438B-AEC7-89875CB744F6}.Debug|Any CPU.Build.0 = Debug|Any CPU
		{C1870D84-7F95-438B-AEC7-89875CB744F6}.Release|Any CPU.ActiveCfg = Release|Any CPU
		{C1870D84-7F95-438B-AEC7-89875CB744F6}.Release|Any CPU.Build.0 = Release|Any CPU
	EndGlobalSection
	GlobalSection(SolutionProperties) = preSolution
		HideSolutionNode = FALSE
	EndGlobalSection
EndGlobal
