
Microsoft Visual Studio Solution File, Format Version 12.00
# Visual Studio 14
VisualStudioVersion = 14.0.24720.0
MinimumVisualStudioVersion = 10.0.40219.1
Project("{FAE04EC0-301F-11D3-BF4B-00C04F79EFBC}") = "p1.StudentsAndCourses", "p1.StudentsAndCourses\p1.StudentsAndCourses.csproj", "{E1B16115-DE9B-4AA3-BFB7-2D7447215F4F}"
EndProject
Project("{FAE04EC0-301F-11D3-BF4B-00C04F79EFBC}") = "p2.BiDictionary", "p2.BiDictionary\p2.BiDictionary.csproj", "{132AAC7C-B31B-4425-83BF-07A952EA23B4}"
EndProject
Project("{FAE04EC0-301F-11D3-BF4B-00C04F79EFBC}") = "p3.CollectionOfProducts", "p3.CollectionOfProducts\p3.CollectionOfProducts.csproj", "{C57263C2-3EF4-4A6E-9215-8AD6FF49FEB0}"
EndProject
Global
	GlobalSection(SolutionConfigurationPlatforms) = preSolution
		Debug|Any CPU = Debug|Any CPU
		Release|Any CPU = Release|Any CPU
	EndGlobalSection
	GlobalSection(ProjectConfigurationPlatforms) = postSolution
		{E1B16115-DE9B-4AA3-BFB7-2D7447215F4F}.Debug|Any CPU.ActiveCfg = Debug|Any CPU
		{E1B16115-DE9B-4AA3-BFB7-2D7447215F4F}.Debug|Any CPU.Build.0 = Debug|Any CPU
		{E1B16115-DE9B-4AA3-BFB7-2D7447215F4F}.Release|Any CPU.ActiveCfg = Release|Any CPU
		{E1B16115-DE9B-4AA3-BFB7-2D7447215F4F}.Release|Any CPU.Build.0 = Release|Any CPU
		{132AAC7C-B31B-4425-83BF-07A952EA23B4}.Debug|Any CPU.ActiveCfg = Debug|Any CPU
		{132AAC7C-B31B-4425-83BF-07A952EA23B4}.Debug|Any CPU.Build.0 = Debug|Any CPU
		{132AAC7C-B31B-4425-83BF-07A952EA23B4}.Release|Any CPU.ActiveCfg = Release|Any CPU
		{132AAC7C-B31B-4425-83BF-07A952EA23B4}.Release|Any CPU.Build.0 = Release|Any CPU
		{C57263C2-3EF4-4A6E-9215-8AD6FF49FEB0}.Debug|Any CPU.ActiveCfg = Debug|Any CPU
		{C57263C2-3EF4-4A6E-9215-8AD6FF49FEB0}.Debug|Any CPU.Build.0 = Debug|Any CPU
		{C57263C2-3EF4-4A6E-9215-8AD6FF49FEB0}.Release|Any CPU.ActiveCfg = Release|Any CPU
		{C57263C2-3EF4-4A6E-9215-8AD6FF49FEB0}.Release|Any CPU.Build.0 = Release|Any CPU
	EndGlobalSection
	GlobalSection(SolutionProperties) = preSolution
		HideSolutionNode = FALSE
	EndGlobalSection
EndGlobal
