
Microsoft Visual Studio Solution File, Format Version 12.00
# Visual Studio 2013
VisualStudioVersion = 12.0.40629.0
MinimumVisualStudioVersion = 10.0.40219.1
Project("{FAE04EC0-301F-11D3-BF4B-00C04F79EFBC}") = "VehicleParkingSystem", "VehicleParking\VehicleParkingSystem.csproj", "{7C79AD6D-4F3B-40A4-B9BF-8E9C9D4913FF}"
EndProject
Project("{FAE04EC0-301F-11D3-BF4B-00C04F79EFBC}") = "VehicleParkingSystem.Tests", "VehicleParkingSystem.Tests\VehicleParkingSystem.Tests.csproj", "{BAD79EED-6E37-4BFD-BA37-796F8E520A56}"
EndProject
Global
	GlobalSection(SolutionConfigurationPlatforms) = preSolution
		Debug|Any CPU = Debug|Any CPU
		Release|Any CPU = Release|Any CPU
	EndGlobalSection
	GlobalSection(ProjectConfigurationPlatforms) = postSolution
		{7C79AD6D-4F3B-40A4-B9BF-8E9C9D4913FF}.Debug|Any CPU.ActiveCfg = Debug|Any CPU
		{7C79AD6D-4F3B-40A4-B9BF-8E9C9D4913FF}.Debug|Any CPU.Build.0 = Debug|Any CPU
		{7C79AD6D-4F3B-40A4-B9BF-8E9C9D4913FF}.Release|Any CPU.ActiveCfg = Release|Any CPU
		{7C79AD6D-4F3B-40A4-B9BF-8E9C9D4913FF}.Release|Any CPU.Build.0 = Release|Any CPU
		{BAD79EED-6E37-4BFD-BA37-796F8E520A56}.Debug|Any CPU.ActiveCfg = Debug|Any CPU
		{BAD79EED-6E37-4BFD-BA37-796F8E520A56}.Debug|Any CPU.Build.0 = Debug|Any CPU
		{BAD79EED-6E37-4BFD-BA37-796F8E520A56}.Release|Any CPU.ActiveCfg = Release|Any CPU
		{BAD79EED-6E37-4BFD-BA37-796F8E520A56}.Release|Any CPU.Build.0 = Release|Any CPU
	EndGlobalSection
	GlobalSection(SolutionProperties) = preSolution
		HideSolutionNode = FALSE
	EndGlobalSection
EndGlobal
