
Microsoft Visual Studio Solution File, Format Version 12.00
# Visual Studio 2013
VisualStudioVersion = 12.0.31101.0
MinimumVisualStudioVersion = 10.0.40219.1
Project("{FAE04EC0-301F-11D3-BF4B-00C04F79EFBC}") = "1.StringExtensions", "1.StringExtension\1.StringExtensions.csproj", "{C6B64D4E-AC48-48A6-A110-B8FE11AACD7A}"
EndProject
Project("{FAE04EC0-301F-11D3-BF4B-00C04F79EFBC}") = "2.WinterIsComing", "2.InterfacesDocumentation\2.WinterIsComing.csproj", "{44737E1C-73A0-4479-9C9B-0A006069526E}"
EndProject
Project("{7CF6DF6D-3B04-46F8-A40B-537D21BCA0B4}") = "StringExtensions", "StringExtensions\StringExtensions.shfbproj", "{08C4264A-6010-4436-A57F-8E24FAA7C62D}"
EndProject
Global
	GlobalSection(SolutionConfigurationPlatforms) = preSolution
		Debug|Any CPU = Debug|Any CPU
		Release|Any CPU = Release|Any CPU
	EndGlobalSection
	GlobalSection(ProjectConfigurationPlatforms) = postSolution
		{C6B64D4E-AC48-48A6-A110-B8FE11AACD7A}.Debug|Any CPU.ActiveCfg = Debug|Any CPU
		{C6B64D4E-AC48-48A6-A110-B8FE11AACD7A}.Debug|Any CPU.Build.0 = Debug|Any CPU
		{C6B64D4E-AC48-48A6-A110-B8FE11AACD7A}.Release|Any CPU.ActiveCfg = Release|Any CPU
		{C6B64D4E-AC48-48A6-A110-B8FE11AACD7A}.Release|Any CPU.Build.0 = Release|Any CPU
		{44737E1C-73A0-4479-9C9B-0A006069526E}.Debug|Any CPU.ActiveCfg = Debug|Any CPU
		{44737E1C-73A0-4479-9C9B-0A006069526E}.Debug|Any CPU.Build.0 = Debug|Any CPU
		{44737E1C-73A0-4479-9C9B-0A006069526E}.Release|Any CPU.ActiveCfg = Release|Any CPU
		{44737E1C-73A0-4479-9C9B-0A006069526E}.Release|Any CPU.Build.0 = Release|Any CPU
		{08C4264A-6010-4436-A57F-8E24FAA7C62D}.Debug|Any CPU.ActiveCfg = Debug|Any CPU
		{08C4264A-6010-4436-A57F-8E24FAA7C62D}.Debug|Any CPU.Build.0 = Debug|Any CPU
		{08C4264A-6010-4436-A57F-8E24FAA7C62D}.Release|Any CPU.ActiveCfg = Release|Any CPU
		{08C4264A-6010-4436-A57F-8E24FAA7C62D}.Release|Any CPU.Build.0 = Release|Any CPU
	EndGlobalSection
	GlobalSection(SolutionProperties) = preSolution
		HideSolutionNode = FALSE
	EndGlobalSection
EndGlobal
